
Microsoft Visual Studio Solution File, Format Version 12.00
# Visual Studio Version 16
VisualStudioVersion = 16.0.29519.87
MinimumVisualStudioVersion = 10.0.40219.1
Project("{FAE04EC0-301F-11D3-BF4B-00C04F79EFBC}") = "Future.Web", "Future.Web\Future.Web.csproj", "{4A747E7B-6601-406B-9A7D-21EB97530162}"
EndProject
Project("{FAE04EC0-301F-11D3-BF4B-00C04F79EFBC}") = "Future.BLL", "Future.BLL\Future.BLL.csproj", "{A135C1FB-0ACE-4A91-82CE-F24976B46B1A}"
EndProject
Project("{FAE04EC0-301F-11D3-BF4B-00C04F79EFBC}") = "Future.EFCore", "Future.EFCore\Future.EFCore.csproj", "{072FB4E0-0E37-4B3B-9163-9FC341685EF2}"
EndProject
Global
	GlobalSection(SolutionConfigurationPlatforms) = preSolution
		Debug|Any CPU = Debug|Any CPU
		Release|Any CPU = Release|Any CPU
	EndGlobalSection
	GlobalSection(ProjectConfigurationPlatforms) = postSolution
		{4A747E7B-6601-406B-9A7D-21EB97530162}.Debug|Any CPU.ActiveCfg = Debug|Any CPU
		{4A747E7B-6601-406B-9A7D-21EB97530162}.Debug|Any CPU.Build.0 = Debug|Any CPU
		{4A747E7B-6601-406B-9A7D-21EB97530162}.Release|Any CPU.ActiveCfg = Release|Any CPU
		{4A747E7B-6601-406B-9A7D-21EB97530162}.Release|Any CPU.Build.0 = Release|Any CPU
		{A135C1FB-0ACE-4A91-82CE-F24976B46B1A}.Debug|Any CPU.ActiveCfg = Debug|Any CPU
		{A135C1FB-0ACE-4A91-82CE-F24976B46B1A}.Debug|Any CPU.Build.0 = Debug|Any CPU
		{A135C1FB-0ACE-4A91-82CE-F24976B46B1A}.Release|Any CPU.ActiveCfg = Release|Any CPU
		{A135C1FB-0ACE-4A91-82CE-F24976B46B1A}.Release|Any CPU.Build.0 = Release|Any CPU
		{072FB4E0-0E37-4B3B-9163-9FC341685EF2}.Debug|Any CPU.ActiveCfg = Debug|Any CPU
		{072FB4E0-0E37-4B3B-9163-9FC341685EF2}.Debug|Any CPU.Build.0 = Debug|Any CPU
		{072FB4E0-0E37-4B3B-9163-9FC341685EF2}.Release|Any CPU.ActiveCfg = Release|Any CPU
		{072FB4E0-0E37-4B3B-9163-9FC341685EF2}.Release|Any CPU.Build.0 = Release|Any CPU
	EndGlobalSection
	GlobalSection(SolutionProperties) = preSolution
		HideSolutionNode = FALSE
	EndGlobalSection
	GlobalSection(ExtensibilityGlobals) = postSolution
		SolutionGuid = {051365B6-D33B-4103-8873-9CE328220175}
	EndGlobalSection
EndGlobal
